
Microsoft Visual Studio Solution File, Format Version 12.00
# Visual Studio 15
VisualStudioVersion = 15.0.28307.168
MinimumVisualStudioVersion = 10.0.40219.1
Project("{9A19103F-16F7-4668-BE54-9A1E7A4F7556}") = "LinkedList_Merge", "LinkedList_Merge\LinkedList_Merge.csproj", "{ED6F4D25-F9DA-46F1-BF2D-E4C15B7BBB51}"
EndProject
Project("{FAE04EC0-301F-11D3-BF4B-00C04F79EFBC}") = "MergeTest", "MergeTest\MergeTest.csproj", "{455A481A-735F-43CE-A767-453241410CF6}"
EndProject
Global
	GlobalSection(SolutionConfigurationPlatforms) = preSolution
		Debug|Any CPU = Debug|Any CPU
		Release|Any CPU = Release|Any CPU
	EndGlobalSection
	GlobalSection(ProjectConfigurationPlatforms) = postSolution
		{ED6F4D25-F9DA-46F1-BF2D-E4C15B7BBB51}.Debug|Any CPU.ActiveCfg = Debug|Any CPU
		{ED6F4D25-F9DA-46F1-BF2D-E4C15B7BBB51}.Debug|Any CPU.Build.0 = Debug|Any CPU
		{ED6F4D25-F9DA-46F1-BF2D-E4C15B7BBB51}.Release|Any CPU.ActiveCfg = Release|Any CPU
		{ED6F4D25-F9DA-46F1-BF2D-E4C15B7BBB51}.Release|Any CPU.Build.0 = Release|Any CPU
		{455A481A-735F-43CE-A767-453241410CF6}.Debug|Any CPU.ActiveCfg = Debug|Any CPU
		{455A481A-735F-43CE-A767-453241410CF6}.Debug|Any CPU.Build.0 = Debug|Any CPU
		{455A481A-735F-43CE-A767-453241410CF6}.Release|Any CPU.ActiveCfg = Release|Any CPU
		{455A481A-735F-43CE-A767-453241410CF6}.Release|Any CPU.Build.0 = Release|Any CPU
	EndGlobalSection
	GlobalSection(SolutionProperties) = preSolution
		HideSolutionNode = FALSE
	EndGlobalSection
	GlobalSection(ExtensibilityGlobals) = postSolution
		SolutionGuid = {22596793-78CF-4723-9D2A-C1375ABACEDE}
	EndGlobalSection
EndGlobal
