
Microsoft Visual Studio Solution File, Format Version 12.00
# Visual Studio 15
VisualStudioVersion = 15.0.28307.168
MinimumVisualStudioVersion = 10.0.40219.1
Project("{FAE04EC0-301F-11D3-BF4B-00C04F79EFBC}") = "HashTables", "HashTables\HashTables.csproj", "{060EB357-3D0B-4E14-BB24-3D8971D6A012}"
EndProject
Project("{FAE04EC0-301F-11D3-BF4B-00C04F79EFBC}") = "HashTableTests", "HashTableTests\HashTableTests.csproj", "{51B2DC48-629A-4C2A-88B6-AD277016AF98}"
EndProject
Global
	GlobalSection(SolutionConfigurationPlatforms) = preSolution
		Debug|Any CPU = Debug|Any CPU
		Release|Any CPU = Release|Any CPU
	EndGlobalSection
	GlobalSection(ProjectConfigurationPlatforms) = postSolution
		{060EB357-3D0B-4E14-BB24-3D8971D6A012}.Debug|Any CPU.ActiveCfg = Debug|Any CPU
		{060EB357-3D0B-4E14-BB24-3D8971D6A012}.Debug|Any CPU.Build.0 = Debug|Any CPU
		{060EB357-3D0B-4E14-BB24-3D8971D6A012}.Release|Any CPU.ActiveCfg = Release|Any CPU
		{060EB357-3D0B-4E14-BB24-3D8971D6A012}.Release|Any CPU.Build.0 = Release|Any CPU
		{51B2DC48-629A-4C2A-88B6-AD277016AF98}.Debug|Any CPU.ActiveCfg = Debug|Any CPU
		{51B2DC48-629A-4C2A-88B6-AD277016AF98}.Debug|Any CPU.Build.0 = Debug|Any CPU
		{51B2DC48-629A-4C2A-88B6-AD277016AF98}.Release|Any CPU.ActiveCfg = Release|Any CPU
		{51B2DC48-629A-4C2A-88B6-AD277016AF98}.Release|Any CPU.Build.0 = Release|Any CPU
	EndGlobalSection
	GlobalSection(SolutionProperties) = preSolution
		HideSolutionNode = FALSE
	EndGlobalSection
	GlobalSection(ExtensibilityGlobals) = postSolution
		SolutionGuid = {0075AF51-9174-4DCA-9EC2-4D5A8B2BF980}
	EndGlobalSection
EndGlobal
