
Microsoft Visual Studio Solution File, Format Version 12.00
# Visual Studio 15
VisualStudioVersion = 15.0.28307.168
MinimumVisualStudioVersion = 10.0.40219.1
Project("{FAE04EC0-301F-11D3-BF4B-00C04F79EFBC}") = "StacksAndQueues", "StacksAndQueues\StacksAndQueues.csproj", "{8FFFEEB8-C1DE-4B2A-8B63-5E19530E948A}"
EndProject
Project("{FAE04EC0-301F-11D3-BF4B-00C04F79EFBC}") = "StacksAndQueueTests", "StacksAndQueueTests\StacksAndQueueTests.csproj", "{9DE08420-F98D-4A6C-9C20-77138BF66046}"
EndProject
Global
	GlobalSection(SolutionConfigurationPlatforms) = preSolution
		Debug|Any CPU = Debug|Any CPU
		Release|Any CPU = Release|Any CPU
	EndGlobalSection
	GlobalSection(ProjectConfigurationPlatforms) = postSolution
		{8FFFEEB8-C1DE-4B2A-8B63-5E19530E948A}.Debug|Any CPU.ActiveCfg = Debug|Any CPU
		{8FFFEEB8-C1DE-4B2A-8B63-5E19530E948A}.Debug|Any CPU.Build.0 = Debug|Any CPU
		{8FFFEEB8-C1DE-4B2A-8B63-5E19530E948A}.Release|Any CPU.ActiveCfg = Release|Any CPU
		{8FFFEEB8-C1DE-4B2A-8B63-5E19530E948A}.Release|Any CPU.Build.0 = Release|Any CPU
		{9DE08420-F98D-4A6C-9C20-77138BF66046}.Debug|Any CPU.ActiveCfg = Debug|Any CPU
		{9DE08420-F98D-4A6C-9C20-77138BF66046}.Debug|Any CPU.Build.0 = Debug|Any CPU
		{9DE08420-F98D-4A6C-9C20-77138BF66046}.Release|Any CPU.ActiveCfg = Release|Any CPU
		{9DE08420-F98D-4A6C-9C20-77138BF66046}.Release|Any CPU.Build.0 = Release|Any CPU
	EndGlobalSection
	GlobalSection(SolutionProperties) = preSolution
		HideSolutionNode = FALSE
	EndGlobalSection
	GlobalSection(ExtensibilityGlobals) = postSolution
		SolutionGuid = {1EC24055-A027-4C42-8146-790884E9DE80}
	EndGlobalSection
EndGlobal
