
Microsoft Visual Studio Solution File, Format Version 12.00
# Visual Studio 15
VisualStudioVersion = 15.0.28307.168
MinimumVisualStudioVersion = 10.0.40219.1
Project("{9A19103F-16F7-4668-BE54-9A1E7A4F7556}") = "CodeChallenges", "CodeChallenges\CodeChallenges.csproj", "{4BAEB82B-9548-4C6D-ABDC-EB6E768C33B7}"
EndProject
Project("{FAE04EC0-301F-11D3-BF4B-00C04F79EFBC}") = "XUnitTestProject1", "XUnitTestProject1\XUnitTestProject1.csproj", "{13D35C69-2093-4B00-97CC-B74363E8B124}"
EndProject
Global
	GlobalSection(SolutionConfigurationPlatforms) = preSolution
		Debug|Any CPU = Debug|Any CPU
		Release|Any CPU = Release|Any CPU
	EndGlobalSection
	GlobalSection(ProjectConfigurationPlatforms) = postSolution
		{4BAEB82B-9548-4C6D-ABDC-EB6E768C33B7}.Debug|Any CPU.ActiveCfg = Debug|Any CPU
		{4BAEB82B-9548-4C6D-ABDC-EB6E768C33B7}.Debug|Any CPU.Build.0 = Debug|Any CPU
		{4BAEB82B-9548-4C6D-ABDC-EB6E768C33B7}.Release|Any CPU.ActiveCfg = Release|Any CPU
		{4BAEB82B-9548-4C6D-ABDC-EB6E768C33B7}.Release|Any CPU.Build.0 = Release|Any CPU
		{13D35C69-2093-4B00-97CC-B74363E8B124}.Debug|Any CPU.ActiveCfg = Debug|Any CPU
		{13D35C69-2093-4B00-97CC-B74363E8B124}.Debug|Any CPU.Build.0 = Debug|Any CPU
		{13D35C69-2093-4B00-97CC-B74363E8B124}.Release|Any CPU.ActiveCfg = Release|Any CPU
		{13D35C69-2093-4B00-97CC-B74363E8B124}.Release|Any CPU.Build.0 = Release|Any CPU
	EndGlobalSection
	GlobalSection(SolutionProperties) = preSolution
		HideSolutionNode = FALSE
	EndGlobalSection
	GlobalSection(ExtensibilityGlobals) = postSolution
		SolutionGuid = {C324863E-0216-4BD5-912F-19BBBF38732B}
	EndGlobalSection
EndGlobal
