
Microsoft Visual Studio Solution File, Format Version 12.00
# Visual Studio 15
VisualStudioVersion = 15.0.28307.421
MinimumVisualStudioVersion = 10.0.40219.1
Project("{FAE04EC0-301F-11D3-BF4B-00C04F79EFBC}") = "GraphGetEdge", "GraphGetEdge\GraphGetEdge.csproj", "{1F2C36C4-6DEC-4649-9961-D599F5C24E37}"
EndProject
Project("{FAE04EC0-301F-11D3-BF4B-00C04F79EFBC}") = "XUnitTestProject1", "XUnitTestProject1\XUnitTestProject1.csproj", "{4214D72C-0CAA-4196-BEE8-A1D999BBC04E}"
EndProject
Global
	GlobalSection(SolutionConfigurationPlatforms) = preSolution
		Debug|Any CPU = Debug|Any CPU
		Release|Any CPU = Release|Any CPU
	EndGlobalSection
	GlobalSection(ProjectConfigurationPlatforms) = postSolution
		{1F2C36C4-6DEC-4649-9961-D599F5C24E37}.Debug|Any CPU.ActiveCfg = Debug|Any CPU
		{1F2C36C4-6DEC-4649-9961-D599F5C24E37}.Debug|Any CPU.Build.0 = Debug|Any CPU
		{1F2C36C4-6DEC-4649-9961-D599F5C24E37}.Release|Any CPU.ActiveCfg = Release|Any CPU
		{1F2C36C4-6DEC-4649-9961-D599F5C24E37}.Release|Any CPU.Build.0 = Release|Any CPU
		{4214D72C-0CAA-4196-BEE8-A1D999BBC04E}.Debug|Any CPU.ActiveCfg = Debug|Any CPU
		{4214D72C-0CAA-4196-BEE8-A1D999BBC04E}.Debug|Any CPU.Build.0 = Debug|Any CPU
		{4214D72C-0CAA-4196-BEE8-A1D999BBC04E}.Release|Any CPU.ActiveCfg = Release|Any CPU
		{4214D72C-0CAA-4196-BEE8-A1D999BBC04E}.Release|Any CPU.Build.0 = Release|Any CPU
	EndGlobalSection
	GlobalSection(SolutionProperties) = preSolution
		HideSolutionNode = FALSE
	EndGlobalSection
	GlobalSection(ExtensibilityGlobals) = postSolution
		SolutionGuid = {C5D3E1FC-8298-41EE-85FB-C719D780FC50}
	EndGlobalSection
EndGlobal
