
Microsoft Visual Studio Solution File, Format Version 12.00
# Visual Studio 15
VisualStudioVersion = 15.0.28307.421
MinimumVisualStudioVersion = 10.0.40219.1
Project("{FAE04EC0-301F-11D3-BF4B-00C04F79EFBC}") = "Graphs", "Graph\Graphs.csproj", "{51782A6D-8E5A-4895-9A6D-2EEA1622373F}"
EndProject
Project("{FAE04EC0-301F-11D3-BF4B-00C04F79EFBC}") = "GraphTests", "GraphTests\GraphTests.csproj", "{2028E900-2C95-4A9F-B696-95C853B916E9}"
EndProject
Global
	GlobalSection(SolutionConfigurationPlatforms) = preSolution
		Debug|Any CPU = Debug|Any CPU
		Release|Any CPU = Release|Any CPU
	EndGlobalSection
	GlobalSection(ProjectConfigurationPlatforms) = postSolution
		{51782A6D-8E5A-4895-9A6D-2EEA1622373F}.Debug|Any CPU.ActiveCfg = Debug|Any CPU
		{51782A6D-8E5A-4895-9A6D-2EEA1622373F}.Debug|Any CPU.Build.0 = Debug|Any CPU
		{51782A6D-8E5A-4895-9A6D-2EEA1622373F}.Release|Any CPU.ActiveCfg = Release|Any CPU
		{51782A6D-8E5A-4895-9A6D-2EEA1622373F}.Release|Any CPU.Build.0 = Release|Any CPU
		{2028E900-2C95-4A9F-B696-95C853B916E9}.Debug|Any CPU.ActiveCfg = Debug|Any CPU
		{2028E900-2C95-4A9F-B696-95C853B916E9}.Debug|Any CPU.Build.0 = Debug|Any CPU
		{2028E900-2C95-4A9F-B696-95C853B916E9}.Release|Any CPU.ActiveCfg = Release|Any CPU
		{2028E900-2C95-4A9F-B696-95C853B916E9}.Release|Any CPU.Build.0 = Release|Any CPU
	EndGlobalSection
	GlobalSection(SolutionProperties) = preSolution
		HideSolutionNode = FALSE
	EndGlobalSection
	GlobalSection(ExtensibilityGlobals) = postSolution
		SolutionGuid = {0052B803-D236-4F29-A443-539185018F59}
	EndGlobalSection
EndGlobal
