
Microsoft Visual Studio Solution File, Format Version 12.00
# Visual Studio 15
VisualStudioVersion = 15.0.28307.168
MinimumVisualStudioVersion = 10.0.40219.1
Project("{FAE04EC0-301F-11D3-BF4B-00C04F79EFBC}") = "MultiBracketValidation", "MultiBracketValidation\MultiBracketValidation.csproj", "{812EFC69-1ACC-4008-95AE-AD812C64990C}"
EndProject
Project("{FAE04EC0-301F-11D3-BF4B-00C04F79EFBC}") = "BracketValTests", "BracketValTests\BracketValTests.csproj", "{9AE55751-AE63-4204-B9C7-63EC1EE26ED7}"
EndProject
Global
	GlobalSection(SolutionConfigurationPlatforms) = preSolution
		Debug|Any CPU = Debug|Any CPU
		Release|Any CPU = Release|Any CPU
	EndGlobalSection
	GlobalSection(ProjectConfigurationPlatforms) = postSolution
		{812EFC69-1ACC-4008-95AE-AD812C64990C}.Debug|Any CPU.ActiveCfg = Debug|Any CPU
		{812EFC69-1ACC-4008-95AE-AD812C64990C}.Debug|Any CPU.Build.0 = Debug|Any CPU
		{812EFC69-1ACC-4008-95AE-AD812C64990C}.Release|Any CPU.ActiveCfg = Release|Any CPU
		{812EFC69-1ACC-4008-95AE-AD812C64990C}.Release|Any CPU.Build.0 = Release|Any CPU
		{9AE55751-AE63-4204-B9C7-63EC1EE26ED7}.Debug|Any CPU.ActiveCfg = Debug|Any CPU
		{9AE55751-AE63-4204-B9C7-63EC1EE26ED7}.Debug|Any CPU.Build.0 = Debug|Any CPU
		{9AE55751-AE63-4204-B9C7-63EC1EE26ED7}.Release|Any CPU.ActiveCfg = Release|Any CPU
		{9AE55751-AE63-4204-B9C7-63EC1EE26ED7}.Release|Any CPU.Build.0 = Release|Any CPU
	EndGlobalSection
	GlobalSection(SolutionProperties) = preSolution
		HideSolutionNode = FALSE
	EndGlobalSection
	GlobalSection(ExtensibilityGlobals) = postSolution
		SolutionGuid = {167AB8D9-A979-4FC3-89C9-DF3DB449DD95}
	EndGlobalSection
EndGlobal
